
Microsoft Visual Studio Solution File, Format Version 12.00
# Visual Studio 15
VisualStudioVersion = 15.0.27130.2026
MinimumVisualStudioVersion = 10.0.40219.1
Project("{8BC9CEB8-8B4A-11D0-8D11-00A0C91BC942}") = "ie531ca5", "ie531ca5\ie531ca5.vcxproj", "{14BEB791-82F1-4A21-A272-D1F21DDF0AEB}"
EndProject
Global
	GlobalSection(SolutionConfigurationPlatforms) = preSolution
		Debug|x64 = Debug|x64
		Debug|x86 = Debug|x86
		Release|x64 = Release|x64
		Release|x86 = Release|x86
	EndGlobalSection
	GlobalSection(ProjectConfigurationPlatforms) = postSolution
		{14BEB791-82F1-4A21-A272-D1F21DDF0AEB}.Debug|x64.ActiveCfg = Debug|x64
		{14BEB791-82F1-4A21-A272-D1F21DDF0AEB}.Debug|x64.Build.0 = Debug|x64
		{14BEB791-82F1-4A21-A272-D1F21DDF0AEB}.Debug|x86.ActiveCfg = Debug|Win32
		{14BEB791-82F1-4A21-A272-D1F21DDF0AEB}.Debug|x86.Build.0 = Debug|Win32
		{14BEB791-82F1-4A21-A272-D1F21DDF0AEB}.Release|x64.ActiveCfg = Release|x64
		{14BEB791-82F1-4A21-A272-D1F21DDF0AEB}.Release|x64.Build.0 = Release|x64
		{14BEB791-82F1-4A21-A272-D1F21DDF0AEB}.Release|x86.ActiveCfg = Release|Win32
		{14BEB791-82F1-4A21-A272-D1F21DDF0AEB}.Release|x86.Build.0 = Release|Win32
	EndGlobalSection
	GlobalSection(SolutionProperties) = preSolution
		HideSolutionNode = FALSE
	EndGlobalSection
	GlobalSection(ExtensibilityGlobals) = postSolution
		SolutionGuid = {3B143F81-ACE9-496A-953C-B0EC7CE931A9}
	EndGlobalSection
EndGlobal
